GIT
  remote: https://bitbucket.org/furunkel/awasm-scrapers
  revision: d6a34bf32816539eb97da8d9c1de0c8ae7b89dd6
  branch: master
  specs:
    awasm-scrapers (0.1.0)
      logger-colors

PATH
  remote: .
  specs:
    awasm (0.0.2.pre4)
      pastel (~> 0.6)
      pry (~> 0.10)

GEM
  remote: https://rubygems.org/
  specs:
    coderay (1.1.1)
    equatable (0.5.0)
    erubis (2.7.0)
    logger-colors (1.0.0)
    method_source (0.8.2)
    minitest (5.8.3)
    pastel (0.6.0)
      equatable (~> 0.5.0)
      tty-color (~> 0.3.0)
    pry (0.10.3)
      coderay (~> 1.1.0)
      method_source (~> 0.8.1)
      slop (~> 3.4)
    rake (10.4.2)
    rake-compiler (0.9.5)
      rake
    slop (3.6.0)
    tty-color (0.3.0)

PLATFORMS
  ruby

DEPENDENCIES
  awasm!
  awasm-scrapers!
  bundler (~> 1.7)
  erubis (~> 2.6)
  minitest (~> 5.8)
  rake (~> 10.0)
  rake-compiler (~> 0.9)

BUNDLED WITH
   1.11.2
